// !$*UTF8*$!
{
	archiveVersion = 1;
	classes = {
	};
	objectVersion = 50;
	objects = {

/* Begin PBXBuildFile section */
		4008C969237A062800A27CAD /* main.c in Sources */ = {isa = PBXBuildFile; fileRef = 4008C968237A062800A27CAD /* main.c */; };
		4008C96F237A07B300A27CAD /* libmagic.1.dylib in Frameworks */ = {isa = PBXBuildFile; fileRef = 4008C96E237A07B300A27CAD /* libmagic.1.dylib */; };
		4008C970237A07B300A27CAD /* libmagic.1.dylib in Embed Libraries */ = {isa = PBXBuildFile; fileRef = 4008C96E237A07B300A27CAD /* libmagic.1.dylib */; settings = {ATTRIBUTES = (CodeSignOnCopy, ); }; };
		4008C972237A57B800A27CAD /* libmagic.1.dylib in Frameworks */ = {isa = PBXBuildFile; fileRef = 4008C96E237A07B300A27CAD /* libmagic.1.dylib */; };
		4008C973237A57B800A27CAD /* libmagic.1.dylib in Embed Libraries */ = {isa = PBXBuildFile; fileRef = 4008C96E237A07B300A27CAD /* libmagic.1.dylib */; settings = {ATTRIBUTES = (CodeSignOnCopy, ); }; };
		4042D3E0237BCADA00EAA324 /* Test_Func_Cplusplus.cpp in Sources */ = {isa = PBXBuildFile; fileRef = 4042D3DE237BCADA00EAA324 /* Test_Func_Cplusplus.cpp */; };
		4042D3E1237BCB7E00EAA324 /* libmagic.1.dylib in Frameworks */ = {isa = PBXBuildFile; fileRef = 4008C96E237A07B300A27CAD /* libmagic.1.dylib */; };
		4042D3E2237BCB7E00EAA324 /* libmagic.1.dylib in Embed Libraries */ = {isa = PBXBuildFile; fileRef = 4008C96E237A07B300A27CAD /* libmagic.1.dylib */; settings = {ATTRIBUTES = (CodeSignOnCopy, ); }; };
		407A8A222375348700E30FC2 /* main.cpp in Sources */ = {isa = PBXBuildFile; fileRef = 407A8A212375348700E30FC2 /* main.cpp */; };
		407A8A262375373F00E30FC2 /* main.cpp in Sources */ = {isa = PBXBuildFile; fileRef = 407A8A0A2374F32700E30FC2 /* main.cpp */; };
/* End PBXBuildFile section */

/* Begin PBXCopyFilesBuildPhase section */
		4008C964237A062800A27CAD /* CopyFiles */ = {
			isa = PBXCopyFilesBuildPhase;
			buildActionMask = 2147483647;
			dstPath = /usr/share/man/man1/;
			dstSubfolderSpec = 0;
			files = (
			);
			runOnlyForDeploymentPostprocessing = 1;
		};
		4008C971237A07B300A27CAD /* Embed Libraries */ = {
			isa = PBXCopyFilesBuildPhase;
			buildActionMask = 2147483647;
			dstPath = "";
			dstSubfolderSpec = 10;
			files = (
				4008C970237A07B300A27CAD /* libmagic.1.dylib in Embed Libraries */,
			);
			name = "Embed Libraries";
			runOnlyForDeploymentPostprocessing = 0;
		};
		4008C974237A57B800A27CAD /* Embed Libraries */ = {
			isa = PBXCopyFilesBuildPhase;
			buildActionMask = 2147483647;
			dstPath = "";
			dstSubfolderSpec = 10;
			files = (
				4008C973237A57B800A27CAD /* libmagic.1.dylib in Embed Libraries */,
			);
			name = "Embed Libraries";
			runOnlyForDeploymentPostprocessing = 0;
		};
		4008C977237BBE9F00A27CAD /* CopyFiles */ = {
			isa = PBXCopyFilesBuildPhase;
			buildActionMask = 2147483647;
			dstPath = /usr/share/man/man1/;
			dstSubfolderSpec = 0;
			files = (
			);
			runOnlyForDeploymentPostprocessing = 1;
		};
		4042D3E3237BCB7E00EAA324 /* Embed Libraries */ = {
			isa = PBXCopyFilesBuildPhase;
			buildActionMask = 2147483647;
			dstPath = "";
			dstSubfolderSpec = 10;
			files = (
				4042D3E2237BCB7E00EAA324 /* libmagic.1.dylib in Embed Libraries */,
			);
			name = "Embed Libraries";
			runOnlyForDeploymentPostprocessing = 0;
		};
		407A8A052374F32700E30FC2 /* CopyFiles */ = {
			isa = PBXCopyFilesBuildPhase;
			buildActionMask = 2147483647;
			dstPath = /usr/share/man/man1/;
			dstSubfolderSpec = 0;
			files = (
			);
			runOnlyForDeploymentPostprocessing = 1;
		};
		407A8A1D2375348700E30FC2 /* CopyFiles */ = {
			isa = PBXCopyFilesBuildPhase;
			buildActionMask = 2147483647;
			dstPath = /usr/share/man/man1/;
			dstSubfolderSpec = 0;
			files = (
			);
			runOnlyForDeploymentPostprocessing = 1;
		};
/* End PBXCopyFilesBuildPhase section */

/* Begin PBXFileReference section */
		4008C966237A062800A27CAD /* test_libmagic */ = {isa = PBXFileReference; explicitFileType = "compiled.mach-o.executable"; includeInIndex = 0; path = test_libmagic; sourceTree = BUILT_PRODUCTS_DIR; };
		4008C968237A062800A27CAD /* main.c */ = {isa = PBXFileReference; lastKnownFileType = sourcecode.c.c; path = main.c; sourceTree = "<group>"; };
		4008C96E237A07B300A27CAD /* libmagic.1.dylib */ = {isa = PBXFileReference; lastKnownFileType = "compiled.mach-o.dylib"; name = libmagic.1.dylib; path = ../../../../../../../usr/local/Cellar/libmagic/5.37/lib/libmagic.1.dylib; sourceTree = "<group>"; };
		4008C979237BBE9F00A27CAD /* Test_Func_Cplusplus */ = {isa = PBXFileReference; explicitFileType = "compiled.mach-o.executable"; includeInIndex = 0; path = Test_Func_Cplusplus; sourceTree = BUILT_PRODUCTS_DIR; };
		4042D3DE237BCADA00EAA324 /* Test_Func_Cplusplus.cpp */ = {isa = PBXFileReference; lastKnownFileType = sourcecode.cpp.cpp; path = Test_Func_Cplusplus.cpp; sourceTree = "<group>"; };
		4042D3DF237BCADA00EAA324 /* Test_Func_Cplusplus.hpp */ = {isa = PBXFileReference; lastKnownFileType = sourcecode.cpp.h; path = Test_Func_Cplusplus.hpp; sourceTree = "<group>"; };
		407A8A072374F32700E30FC2 /* Code_Labrary */ = {isa = PBXFileReference; explicitFileType = "compiled.mach-o.executable"; includeInIndex = 0; path = Code_Labrary; sourceTree = BUILT_PRODUCTS_DIR; };
		407A8A0A2374F32700E30FC2 /* main.cpp */ = {isa = PBXFileReference; lastKnownFileType = sourcecode.cpp.cpp; path = main.cpp; sourceTree = "<group>"; };
		407A8A1F2375348700E30FC2 /* Test_Func */ = {isa = PBXFileReference; explicitFileType = "compiled.mach-o.executable"; includeInIndex = 0; path = Test_Func; sourceTree = BUILT_PRODUCTS_DIR; };
		407A8A212375348700E30FC2 /* main.cpp */ = {isa = PBXFileReference; lastKnownFileType = sourcecode.cpp.cpp; path = main.cpp; sourceTree = "<group>"; usesTabs = 0; };
/* End PBXFileReference section */

/* Begin PBXFrameworksBuildPhase section */
		4008C963237A062800A27CAD /* Frameworks */ = {
			isa = PBXFrameworksBuildPhase;
			buildActionMask = 2147483647;
			files = (
				4008C96F237A07B300A27CAD /* libmagic.1.dylib in Frameworks */,
			);
			runOnlyForDeploymentPostprocessing = 0;
		};
		4008C976237BBE9F00A27CAD /* Frameworks */ = {
			isa = PBXFrameworksBuildPhase;
			buildActionMask = 2147483647;
			files = (
				4042D3E1237BCB7E00EAA324 /* libmagic.1.dylib in Frameworks */,
			);
			runOnlyForDeploymentPostprocessing = 0;
		};
		407A8A042374F32700E30FC2 /* Frameworks */ = {
			isa = PBXFrameworksBuildPhase;
			buildActionMask = 2147483647;
			files = (
			);
			runOnlyForDeploymentPostprocessing = 0;
		};
		407A8A1C2375348700E30FC2 /* Frameworks */ = {
			isa = PBXFrameworksBuildPhase;
			buildActionMask = 2147483647;
			files = (
				4008C972237A57B800A27CAD /* libmagic.1.dylib in Frameworks */,
			);
			runOnlyForDeploymentPostprocessing = 0;
		};
/* End PBXFrameworksBuildPhase section */

/* Begin PBXGroup section */
		4008C967237A062800A27CAD /* test_libmagic */ = {
			isa = PBXGroup;
			children = (
				4008C968237A062800A27CAD /* main.c */,
			);
			path = test_libmagic;
			sourceTree = "<group>";
		};
		4008C96D237A07B300A27CAD /* Frameworks */ = {
			isa = PBXGroup;
			children = (
				4008C96E237A07B300A27CAD /* libmagic.1.dylib */,
			);
			name = Frameworks;
			sourceTree = "<group>";
		};
		4042D3DD237BCAB600EAA324 /* Test_Func_Cplusplus */ = {
			isa = PBXGroup;
			children = (
				4042D3DE237BCADA00EAA324 /* Test_Func_Cplusplus.cpp */,
				4042D3DF237BCADA00EAA324 /* Test_Func_Cplusplus.hpp */,
			);
			path = Test_Func_Cplusplus;
			sourceTree = "<group>";
		};
		407A89FE2374F32700E30FC2 = {
			isa = PBXGroup;
			children = (
				4042D3DD237BCAB600EAA324 /* Test_Func_Cplusplus */,
				407A8A092374F32700E30FC2 /* Scan_Directory */,
				407A8A202375348700E30FC2 /* Test_Func */,
				4008C967237A062800A27CAD /* test_libmagic */,
				407A8A082374F32700E30FC2 /* Products */,
				4008C96D237A07B300A27CAD /* Frameworks */,
			);
			sourceTree = "<group>";
		};
		407A8A082374F32700E30FC2 /* Products */ = {
			isa = PBXGroup;
			children = (
				407A8A072374F32700E30FC2 /* Code_Labrary */,
				407A8A1F2375348700E30FC2 /* Test_Func */,
				4008C966237A062800A27CAD /* test_libmagic */,
				4008C979237BBE9F00A27CAD /* Test_Func_Cplusplus */,
			);
			name = Products;
			sourceTree = "<group>";
		};
		407A8A092374F32700E30FC2 /* Scan_Directory */ = {
			isa = PBXGroup;
			children = (
				407A8A0A2374F32700E30FC2 /* main.cpp */,
			);
			path = Scan_Directory;
			sourceTree = "<group>";
		};
		407A8A202375348700E30FC2 /* Test_Func */ = {
			isa = PBXGroup;
			children = (
				407A8A212375348700E30FC2 /* main.cpp */,
			);
			path = Test_Func;
			sourceTree = "<group>";
		};
/* End PBXGroup section */

/* Begin PBXNativeTarget section */
		4008C965237A062800A27CAD /* test_libmagic */ = {
			isa = PBXNativeTarget;
			buildConfigurationList = 4008C96A237A062800A27CAD /* Build configuration list for PBXNativeTarget "test_libmagic" */;
			buildPhases = (
				4008C962237A062800A27CAD /* Sources */,
				4008C963237A062800A27CAD /* Frameworks */,
				4008C964237A062800A27CAD /* CopyFiles */,
				4008C971237A07B300A27CAD /* Embed Libraries */,
			);
			buildRules = (
			);
			dependencies = (
			);
			name = test_libmagic;
			productName = test_libmagic;
			productReference = 4008C966237A062800A27CAD /* test_libmagic */;
			productType = "com.apple.product-type.tool";
		};
		4008C978237BBE9F00A27CAD /* Test_Func_Cplusplus */ = {
			isa = PBXNativeTarget;
			buildConfigurationList = 4008C97D237BBE9F00A27CAD /* Build configuration list for PBXNativeTarget "Test_Func_Cplusplus" */;
			buildPhases = (
				4008C975237BBE9F00A27CAD /* Sources */,
				4008C976237BBE9F00A27CAD /* Frameworks */,
				4008C977237BBE9F00A27CAD /* CopyFiles */,
				4042D3E3237BCB7E00EAA324 /* Embed Libraries */,
			);
			buildRules = (
			);
			dependencies = (
			);
			name = Test_Func_Cplusplus;
			productName = Test_Func_Cplusplus;
			productReference = 4008C979237BBE9F00A27CAD /* Test_Func_Cplusplus */;
			productType = "com.apple.product-type.tool";
		};
		407A8A062374F32700E30FC2 /* Code_Labrary */ = {
			isa = PBXNativeTarget;
			buildConfigurationList = 407A8A0E2374F32700E30FC2 /* Build configuration list for PBXNativeTarget "Code_Labrary" */;
			buildPhases = (
				407A8A032374F32700E30FC2 /* Sources */,
				407A8A042374F32700E30FC2 /* Frameworks */,
				407A8A052374F32700E30FC2 /* CopyFiles */,
			);
			buildRules = (
			);
			dependencies = (
			);
			name = Code_Labrary;
			productName = Scan_Directory;
			productReference = 407A8A072374F32700E30FC2 /* Code_Labrary */;
			productType = "com.apple.product-type.tool";
		};
		407A8A1E2375348700E30FC2 /* Test_Func */ = {
			isa = PBXNativeTarget;
			buildConfigurationList = 407A8A232375348700E30FC2 /* Build configuration list for PBXNativeTarget "Test_Func" */;
			buildPhases = (
				407A8A1B2375348700E30FC2 /* Sources */,
				407A8A1C2375348700E30FC2 /* Frameworks */,
				407A8A1D2375348700E30FC2 /* CopyFiles */,
				4008C974237A57B800A27CAD /* Embed Libraries */,
			);
			buildRules = (
			);
			dependencies = (
			);
			name = Test_Func;
			productName = Test_Func;
			productReference = 407A8A1F2375348700E30FC2 /* Test_Func */;
			productType = "com.apple.product-type.tool";
		};
/* End PBXNativeTarget section */

/* Begin PBXProject section */
		407A89FF2374F32700E30FC2 /* Project object */ = {
			isa = PBXProject;
			attributes = {
				LastUpgradeCheck = 1120;
				ORGANIZATIONNAME = Ayaya;
				TargetAttributes = {
					4008C965237A062800A27CAD = {
						CreatedOnToolsVersion = 11.2;
					};
					4008C978237BBE9F00A27CAD = {
						CreatedOnToolsVersion = 11.2;
					};
					407A8A062374F32700E30FC2 = {
						CreatedOnToolsVersion = 11.2;
					};
					407A8A1E2375348700E30FC2 = {
						CreatedOnToolsVersion = 11.2;
					};
				};
			};
			buildConfigurationList = 407A8A022374F32700E30FC2 /* Build configuration list for PBXProject "Code_Labrary" */;
			compatibilityVersion = "Xcode 9.3";
			developmentRegion = en;
			hasScannedForEncodings = 0;
			knownRegions = (
				en,
				Base,
			);
			mainGroup = 407A89FE2374F32700E30FC2;
			productRefGroup = 407A8A082374F32700E30FC2 /* Products */;
			projectDirPath = "";
			projectRoot = "";
			targets = (
				407A8A062374F32700E30FC2 /* Code_Labrary */,
				407A8A1E2375348700E30FC2 /* Test_Func */,
				4008C965237A062800A27CAD /* test_libmagic */,
				4008C978237BBE9F00A27CAD /* Test_Func_Cplusplus */,
			);
		};
/* End PBXProject section */

/* Begin PBXSourcesBuildPhase section */
		4008C962237A062800A27CAD /* Sources */ = {
			isa = PBXSourcesBuildPhase;
			buildActionMask = 2147483647;
			files = (
				4008C969237A062800A27CAD /* main.c in Sources */,
			);
			runOnlyForDeploymentPostprocessing = 0;
		};
		4008C975237BBE9F00A27CAD /* Sources */ = {
			isa = PBXSourcesBuildPhase;
			buildActionMask = 2147483647;
			files = (
				4042D3E0237BCADA00EAA324 /* Test_Func_Cplusplus.cpp in Sources */,
			);
			runOnlyForDeploymentPostprocessing = 0;
		};
		407A8A032374F32700E30FC2 /* Sources */ = {
			isa = PBXSourcesBuildPhase;
			buildActionMask = 2147483647;
			files = (
				407A8A262375373F00E30FC2 /* main.cpp in Sources */,
			);
			runOnlyForDeploymentPostprocessing = 0;
		};
		407A8A1B2375348700E30FC2 /* Sources */ = {
			isa = PBXSourcesBuildPhase;
			buildActionMask = 2147483647;
			files = (
				407A8A222375348700E30FC2 /* main.cpp in Sources */,
			);
			runOnlyForDeploymentPostprocessing = 0;
		};
/* End PBXSourcesBuildPhase section */

/* Begin XCBuildConfiguration section */
		4008C96B237A062800A27CAD /* Debug */ = {
			isa = XCBuildConfiguration;
			buildSettings = {
				CODE_SIGN_STYLE = Automatic;
				LIBRARY_SEARCH_PATHS = (
					"$(inherited)",
					/usr/local/Cellar/libmagic/5.37/lib,
				);
				PRODUCT_NAME = "$(TARGET_NAME)";
			};
			name = Debug;
		};
		4008C96C237A062800A27CAD /* Release */ = {
			isa = XCBuildConfiguration;
			buildSettings = {
				CODE_SIGN_STYLE = Automatic;
				LIBRARY_SEARCH_PATHS = (
					"$(inherited)",
					/usr/local/Cellar/libmagic/5.37/lib,
				);
				PRODUCT_NAME = "$(TARGET_NAME)";
			};
			name = Release;
		};
		4008C97E237BBE9F00A27CAD /* Debug */ = {
			isa = XCBuildConfiguration;
			buildSettings = {
				CODE_SIGN_STYLE = Automatic;
				LIBRARY_SEARCH_PATHS = (
					"$(inherited)",
					/usr/local/Cellar/libmagic/5.37/lib,
				);
				PRODUCT_NAME = "$(TARGET_NAME)";
			};
			name = Debug;
		};
		4008C97F237BBE9F00A27CAD /* Release */ = {
			isa = XCBuildConfiguration;
			buildSettings = {
				CODE_SIGN_STYLE = Automatic;
				LIBRARY_SEARCH_PATHS = (
					"$(inherited)",
					/usr/local/Cellar/libmagic/5.37/lib,
				);
				PRODUCT_NAME = "$(TARGET_NAME)";
			};
			name = Release;
		};
		407A8A0C2374F32700E30FC2 /* Debug */ = {
			isa = XCBuildConfiguration;
			buildSettings = {
				ALWAYS_SEARCH_USER_PATHS = NO;
				CLANG_ANALYZER_NONNULL = YES;
				CLANG_ANALYZER_NUMBER_OBJECT_CONVERSION = YES_AGGRESSIVE;
				CLANG_CXX_LANGUAGE_STANDARD = "gnu++14";
				CLANG_CXX_LIBRARY = "libc++";
				CLANG_ENABLE_MODULES = YES;
				CLANG_ENABLE_OBJC_ARC = YES;
				CLANG_ENABLE_OBJC_WEAK = YES;
				CLANG_WARN_BLOCK_CAPTURE_AUTORELEASING = YES;
				CLANG_WARN_BOOL_CONVERSION = YES;
				CLANG_WARN_COMMA = YES;
				CLANG_WARN_CONSTANT_CONVERSION = YES;
				CLANG_WARN_DEPRECATED_OBJC_IMPLEMENTATIONS = YES;
				CLANG_WARN_DIRECT_OBJC_ISA_USAGE = YES_ERROR;
				CLANG_WARN_DOCUMENTATION_COMMENTS = YES;
				CLANG_WARN_EMPTY_BODY = YES;
				CLANG_WARN_ENUM_CONVERSION = YES;
				CLANG_WARN_INFINITE_RECURSION = YES;
				CLANG_WARN_INT_CONVERSION = YES;
				CLANG_WARN_NON_LITERAL_NULL_CONVERSION = YES;
				CLANG_WARN_OBJC_IMPLICIT_RETAIN_SELF = YES;
				CLANG_WARN_OBJC_LITERAL_CONVERSION = YES;
				CLANG_WARN_OBJC_ROOT_CLASS = YES_ERROR;
				CLANG_WARN_RANGE_LOOP_ANALYSIS = YES;
				CLANG_WARN_STRICT_PROTOTYPES = YES;
				CLANG_WARN_SUSPICIOUS_MOVE = YES;
				CLANG_WARN_UNGUARDED_AVAILABILITY = YES_AGGRESSIVE;
				CLANG_WARN_UNREACHABLE_CODE = YES;
				CLANG_WARN__DUPLICATE_METHOD_MATCH = YES;
				COPY_PHASE_STRIP = NO;
				DEBUG_INFORMATION_FORMAT = dwarf;
				ENABLE_STRICT_OBJC_MSGSEND = YES;
				ENABLE_TESTABILITY = YES;
				GCC_C_LANGUAGE_STANDARD = gnu11;
				GCC_DYNAMIC_NO_PIC = NO;
				GCC_NO_COMMON_BLOCKS = YES;
				GCC_OPTIMIZATION_LEVEL = 0;
				GCC_PREPROCESSOR_DEFINITIONS = (
					"DEBUG=1",
					"$(inherited)",
				);
				GCC_WARN_64_TO_32_BIT_CONVERSION = YES;
				GCC_WARN_ABOUT_RETURN_TYPE = YES_ERROR;
				GCC_WARN_UNDECLARED_SELECTOR = YES;
				GCC_WARN_UNINITIALIZED_AUTOS = YES_AGGRESSIVE;
				GCC_WARN_UNUSED_FUNCTION = YES;
				GCC_WARN_UNUSED_VARIABLE = YES;
				MACOSX_DEPLOYMENT_TARGET = 10.15;
				MTL_ENABLE_DEBUG_INFO = INCLUDE_SOURCE;
				MTL_FAST_MATH = YES;
				ONLY_ACTIVE_ARCH = YES;
				SDKROOT = macosx;
			};
			name = Debug;
		};
		407A8A0D2374F32700E30FC2 /* Release */ = {
			isa = XCBuildConfiguration;
			buildSettings = {
				ALWAYS_SEARCH_USER_PATHS = NO;
				CLANG_ANALYZER_NONNULL = YES;
				CLANG_ANALYZER_NUMBER_OBJECT_CONVERSION = YES_AGGRESSIVE;
				CLANG_CXX_LANGUAGE_STANDARD = "gnu++14";
				CLANG_CXX_LIBRARY = "libc++";
				CLANG_ENABLE_MODULES = YES;
				CLANG_ENABLE_OBJC_ARC = YES;
				CLANG_ENABLE_OBJC_WEAK = YES;
				CLANG_WARN_BLOCK_CAPTURE_AUTORELEASING = YES;
				CLANG_WARN_BOOL_CONVERSION = YES;
				CLANG_WARN_COMMA = YES;
				CLANG_WARN_CONSTANT_CONVERSION = YES;
				CLANG_WARN_DEPRECATED_OBJC_IMPLEMENTATIONS = YES;
				CLANG_WARN_DIRECT_OBJC_ISA_USAGE = YES_ERROR;
				CLANG_WARN_DOCUMENTATION_COMMENTS = YES;
				CLANG_WARN_EMPTY_BODY = YES;
				CLANG_WARN_ENUM_CONVERSION = YES;
				CLANG_WARN_INFINITE_RECURSION = YES;
				CLANG_WARN_INT_CONVERSION = YES;
				CLANG_WARN_NON_LITERAL_NULL_CONVERSION = YES;
				CLANG_WARN_OBJC_IMPLICIT_RETAIN_SELF = YES;
				CLANG_WARN_OBJC_LITERAL_CONVERSION = YES;
				CLANG_WARN_OBJC_ROOT_CLASS = YES_ERROR;
				CLANG_WARN_RANGE_LOOP_ANALYSIS = YES;
				CLANG_WARN_STRICT_PROTOTYPES = YES;
				CLANG_WARN_SUSPICIOUS_MOVE = YES;
				CLANG_WARN_UNGUARDED_AVAILABILITY = YES_AGGRESSIVE;
				CLANG_WARN_UNREACHABLE_CODE = YES;
				CLANG_WARN__DUPLICATE_METHOD_MATCH = YES;
				COPY_PHASE_STRIP = NO;
				DEBUG_INFORMATION_FORMAT = "dwarf-with-dsym";
				ENABLE_NS_ASSERTIONS = NO;
				ENABLE_STRICT_OBJC_MSGSEND = YES;
				GCC_C_LANGUAGE_STANDARD = gnu11;
				GCC_NO_COMMON_BLOCKS = YES;
				GCC_WARN_64_TO_32_BIT_CONVERSION = YES;
				GCC_WARN_ABOUT_RETURN_TYPE = YES_ERROR;
				GCC_WARN_UNDECLARED_SELECTOR = YES;
				GCC_WARN_UNINITIALIZED_AUTOS = YES_AGGRESSIVE;
				GCC_WARN_UNUSED_FUNCTION = YES;
				GCC_WARN_UNUSED_VARIABLE = YES;
				MACOSX_DEPLOYMENT_TARGET = 10.15;
				MTL_ENABLE_DEBUG_INFO = NO;
				MTL_FAST_MATH = YES;
				SDKROOT = macosx;
			};
			name = Release;
		};
		407A8A0F2374F32700E30FC2 /* Debug */ = {
			isa = XCBuildConfiguration;
			buildSettings = {
				CODE_SIGN_STYLE = Automatic;
				ENABLE_NS_ASSERTIONS = NO;
				PRODUCT_NAME = "$(TARGET_NAME)";
			};
			name = Debug;
		};
		407A8A102374F32700E30FC2 /* Release */ = {
			isa = XCBuildConfiguration;
			buildSettings = {
				CODE_SIGN_STYLE = Automatic;
				ENABLE_NS_ASSERTIONS = NO;
				PRODUCT_NAME = "$(TARGET_NAME)";
			};
			name = Release;
		};
		407A8A242375348700E30FC2 /* Debug */ = {
			isa = XCBuildConfiguration;
			buildSettings = {
				CODE_SIGN_STYLE = Automatic;
				LIBRARY_SEARCH_PATHS = (
					"$(inherited)",
					/usr/local/Cellar/libmagic/5.37/lib,
				);
				PRODUCT_NAME = "$(TARGET_NAME)";
			};
			name = Debug;
		};
		407A8A252375348700E30FC2 /* Release */ = {
			isa = XCBuildConfiguration;
			buildSettings = {
				CODE_SIGN_STYLE = Automatic;
				LIBRARY_SEARCH_PATHS = (
					"$(inherited)",
					/usr/local/Cellar/libmagic/5.37/lib,
				);
				PRODUCT_NAME = "$(TARGET_NAME)";
			};
			name = Release;
		};
/* End XCBuildConfiguration section */

/* Begin XCConfigurationList section */
		4008C96A237A062800A27CAD /* Build configuration list for PBXNativeTarget "test_libmagic" */ = {
			isa = XCConfigurationList;
			buildConfigurations = (
				4008C96B237A062800A27CAD /* Debug */,
				4008C96C237A062800A27CAD /* Release */,
			);
			defaultConfigurationIsVisible = 0;
			defaultConfigurationName = Release;
		};
		4008C97D237BBE9F00A27CAD /* Build configuration list for PBXNativeTarget "Test_Func_Cplusplus" */ = {
			isa = XCConfigurationList;
			buildConfigurations = (
				4008C97E237BBE9F00A27CAD /* Debug */,
				4008C97F237BBE9F00A27CAD /* Release */,
			);
			defaultConfigurationIsVisible = 0;
			defaultConfigurationName = Release;
		};
		407A8A022374F32700E30FC2 /* Build configuration list for PBXProject "Code_Labrary" */ = {
			isa = XCConfigurationList;
			buildConfigurations = (
				407A8A0C2374F32700E30FC2 /* Debug */,
				407A8A0D2374F32700E30FC2 /* Release */,
			);
			defaultConfigurationIsVisible = 0;
			defaultConfigurationName = Release;
		};
		407A8A0E2374F32700E30FC2 /* Build configuration list for PBXNativeTarget "Code_Labrary" */ = {
			isa = XCConfigurationList;
			buildConfigurations = (
				407A8A0F2374F32700E30FC2 /* Debug */,
				407A8A102374F32700E30FC2 /* Release */,
			);
			defaultConfigurationIsVisible = 0;
			defaultConfigurationName = Release;
		};
		407A8A232375348700E30FC2 /* Build configuration list for PBXNativeTarget "Test_Func" */ = {
			isa = XCConfigurationList;
			buildConfigurations = (
				407A8A242375348700E30FC2 /* Debug */,
				407A8A252375348700E30FC2 /* Release */,
			);
			defaultConfigurationIsVisible = 0;
			defaultConfigurationName = Release;
		};
/* End XCConfigurationList section */
	};
	rootObject = 407A89FF2374F32700E30FC2 /* Project object */;
}
